lockfileVersion: '6.0'

settings:
  autoInstallPeers: true
  excludeLinksFromLockfile: false

dependencies:
  '@hono/node-server':
    specifier: ^1.12.2
    version: 1.12.2(hono@4.5.11)
  hono:
    specifier: ^4.5.11
    version: 4.5.11

packages:

  /@hono/node-server@1.12.2(hono@4.5.11):
    resolution: {integrity: sha512-xjzhqhSWUE/OhN0g3KCNVzNsQMlFUAL+/8GgPUr3TKcU7cvgZVBGswFofJ8WwGEHTqobzze1lDpGJl9ZNckDhA==}
    engines: {node: '>=18.14.1'}
    peerDependencies:
      hono: ^4
    dependencies:
      hono: 4.5.11
    dev: false

  /hono@4.5.11:
    resolution: {integrity: sha512-62FcjLPtjAFwISVBUshryl+vbHOjg8rE4uIK/dxyR8GpLztunZpwFmfEvmJCUI7xoGh/Sr3CGCDPCmYxVw7wUQ==}
    engines: {node: '>=16.0.0'}
    dev: false
